lockfileVersion: '9.0'

settings:
  autoInstallPeers: true
  excludeLinksFromLockfile: false

importers:

  .:
    dependencies:
      async-validator:
        specifier: ^4.2.5
        version: 4.2.5
      lodash:
        specifier: ^4.17.21
        version: 4.17.21
    devDependencies:
      '@types/lodash':
        specifier: ^4.17.16
        version: 4.17.16

packages:

  '@types/lodash@4.17.16':
    resolution: {integrity: sha512-HX7Em5NYQAXKW+1T+FiuG27NGwzJfCX3s1GjOa7ujxZa52kjJLOr4FUxT+giF6Tgxv1e+/czV/iTtBw27WTU9g==}

  async-validator@4.2.5:
    resolution: {integrity: sha512-7HhHjtERjqlNbZtqNqy2rckN/SpOOlmDliet+lP7k+eKZEjPk3DgyeU9lIXLdeLz0uBbbVp+9Qdow9wJWgwwfg==}

  lodash@4.17.21:
    resolution: {integrity: sha512-v2kDEe57lecTulaDIuNTPy3Ry4gLGJ6Z1O3vE1krgXZNrsQ+LFTGHVxVjcXPs17LhbZVGedAJv8XZ1tvj5FvSg==}

snapshots:

  '@types/lodash@4.17.16': {}

  async-validator@4.2.5: {}

  lodash@4.17.21: {}
